
Microsoft Visual Studio Solution File, Format Version 12.00
# Visual Studio 15
Project("{FAE04EC0-301F-11D3-BF4B-00C04F79EFBC}") = "Assembly-CSharp", "Assembly-CSharp.csproj", "{CBEC47D2-5FAC-386B-9574-DC5E9AB0C228}"
EndProject
Project("{FAE04EC0-301F-11D3-BF4B-00C04F79EFBC}") = "Assembly-CSharp-firstpass", "Assembly-CSharp-firstpass.csproj", "{34831199-D1C9-FEA3-2685-CEB8E6C9F30A}"
EndProject
Global
	GlobalSection(SolutionConfigurationPlatforms) = preSolution
		Debug|Any CPU = Debug|Any CPU
		Release|Any CPU = Release|Any CPU
	EndGlobalSection
	GlobalSection(ProjectConfigurationPlatforms) = postSolution
		{CBEC47D2-5FAC-386B-9574-DC5E9AB0C228}.Debug|Any CPU.ActiveCfg = Debug|Any CPU
		{CBEC47D2-5FAC-386B-9574-DC5E9AB0C228}.Debug|Any CPU.Build.0 = Debug|Any CPU
		{CBEC47D2-5FAC-386B-9574-DC5E9AB0C228}.Release|Any CPU.ActiveCfg = Release|Any CPU
		{CBEC47D2-5FAC-386B-9574-DC5E9AB0C228}.Release|Any CPU.Build.0 = Release|Any CPU
		{34831199-D1C9-FEA3-2685-CEB8E6C9F30A}.Debug|Any CPU.ActiveCfg = Debug|Any CPU
		{34831199-D1C9-FEA3-2685-CEB8E6C9F30A}.Debug|Any CPU.Build.0 = Debug|Any CPU
		{34831199-D1C9-FEA3-2685-CEB8E6C9F30A}.Release|Any CPU.ActiveCfg = Release|Any CPU
		{34831199-D1C9-FEA3-2685-CEB8E6C9F30A}.Release|Any CPU.Build.0 = Release|Any CPU
	EndGlobalSection
	GlobalSection(SolutionProperties) = preSolution
		HideSolutionNode = FALSE
	EndGlobalSection
EndGlobal
